
Microsoft Visual Studio Solution File, Format Version 12.00
# Visual Studio Version 16
VisualStudioVersion = 16.0.29806.167
MinimumVisualStudioVersion = 10.0.40219.1
Project("{FAE04EC0-301F-11D3-BF4B-00C04F79EFBC}") = "LoadRandom", "LoadRandom\LoadRandom.csproj", "{7114EEF6-9118-4821-B7FD-7D97852618E7}"
EndProject
Global
	GlobalSection(SolutionConfigurationPlatforms) = preSolution
		Debug|Any CPU = Debug|Any CPU
		Release|Any CPU = Release|Any CPU
	EndGlobalSection
	GlobalSection(ProjectConfigurationPlatforms) = postSolution
		{7114EEF6-9118-4821-B7FD-7D97852618E7}.Debug|Any CPU.ActiveCfg = Debug|Any CPU
		{7114EEF6-9118-4821-B7FD-7D97852618E7}.Debug|Any CPU.Build.0 = Debug|Any CPU
		{7114EEF6-9118-4821-B7FD-7D97852618E7}.Release|Any CPU.ActiveCfg = Release|Any CPU
		{7114EEF6-9118-4821-B7FD-7D97852618E7}.Release|Any CPU.Build.0 = Release|Any CPU
	EndGlobalSection
	GlobalSection(SolutionProperties) = preSolution
		HideSolutionNode = FALSE
	EndGlobalSection
	GlobalSection(ExtensibilityGlobals) = postSolution
		SolutionGuid = {353E039B-6E69-41C8-A7CA-CCB4F738B5B5}
	EndGlobalSection
EndGlobal
